
Microsoft Visual Studio Solution File, Format Version 12.00
# Visual Studio 14
VisualStudioVersion = 14.0.25420.1
MinimumVisualStudioVersion = 10.0.40219.1
Project("{FAE04EC0-301F-11D3-BF4B-00C04F79EFBC}") = "Exportar", "Exportar\Exportar.csproj", "{D3A8C33D-1A7B-42AE-A7CF-405F0CB7A44D}"
EndProject
Project("{FAE04EC0-301F-11D3-BF4B-00C04F79EFBC}") = "ExportarTests", "ExportarTests\ExportarTests.csproj", "{F49602D5-E849-4B6C-A566-B2D5EA7E3BE6}"
EndProject
Global
	GlobalSection(SolutionConfigurationPlatforms) = preSolution
		Debug|Any CPU = Debug|Any CPU
		Release|Any CPU = Release|Any CPU
	EndGlobalSection
	GlobalSection(ProjectConfigurationPlatforms) = postSolution
		{D3A8C33D-1A7B-42AE-A7CF-405F0CB7A44D}.Debug|Any CPU.ActiveCfg = Debug|Any CPU
		{D3A8C33D-1A7B-42AE-A7CF-405F0CB7A44D}.Debug|Any CPU.Build.0 = Debug|Any CPU
		{D3A8C33D-1A7B-42AE-A7CF-405F0CB7A44D}.Release|Any CPU.ActiveCfg = Release|Any CPU
		{D3A8C33D-1A7B-42AE-A7CF-405F0CB7A44D}.Release|Any CPU.Build.0 = Release|Any CPU
		{F49602D5-E849-4B6C-A566-B2D5EA7E3BE6}.Debug|Any CPU.ActiveCfg = Debug|Any CPU
		{F49602D5-E849-4B6C-A566-B2D5EA7E3BE6}.Debug|Any CPU.Build.0 = Debug|Any CPU
		{F49602D5-E849-4B6C-A566-B2D5EA7E3BE6}.Release|Any CPU.ActiveCfg = Release|Any CPU
		{F49602D5-E849-4B6C-A566-B2D5EA7E3BE6}.Release|Any CPU.Build.0 = Release|Any CPU
	EndGlobalSection
	GlobalSection(SolutionProperties) = preSolution
		HideSolutionNode = FALSE
	EndGlobalSection
	GlobalSection(ExtensibilityGlobals) = postSolution
		SolutionGuid = {AFAE8B02-6836-4277-B329-A9E32530BE9C}
	EndGlobalSection
EndGlobal
